
Microsoft Visual Studio Solution File, Format Version 12.00
# Visual Studio Version 17
VisualStudioVersion = 17.5.33530.505
MinimumVisualStudioVersion = 10.0.40219.1
Project("{FAE04EC0-301F-11D3-BF4B-00C04F79EFBC}") = "CarStoreApp", "CarStoreApp\CarStoreApp.csproj", "{0DEB878F-E388-4EA0-B3EA-7C30C78667C6}"
EndProject
Global
	GlobalSection(SolutionConfigurationPlatforms) = preSolution
		Debug|Any CPU = Debug|Any CPU
		Release|Any CPU = Release|Any CPU
	EndGlobalSection
	GlobalSection(ProjectConfigurationPlatforms) = postSolution
		{0DEB878F-E388-4EA0-B3EA-7C30C78667C6}.Debug|Any CPU.ActiveCfg = Debug|Any CPU
		{0DEB878F-E388-4EA0-B3EA-7C30C78667C6}.Debug|Any CPU.Build.0 = Debug|Any CPU
		{0DEB878F-E388-4EA0-B3EA-7C30C78667C6}.Release|Any CPU.ActiveCfg = Release|Any CPU
		{0DEB878F-E388-4EA0-B3EA-7C30C78667C6}.Release|Any CPU.Build.0 = Release|Any CPU
	EndGlobalSection
	GlobalSection(SolutionProperties) = preSolution
		HideSolutionNode = FALSE
	EndGlobalSection
	GlobalSection(ExtensibilityGlobals) = postSolution
		SolutionGuid = {BC72C829-5A3D-49AE-97A5-52B3B989D461}
	EndGlobalSection
EndGlobal
